
Microsoft Visual Studio Solution File, Format Version 12.00
# Visual Studio Version 17
VisualStudioVersion = 17.8.34525.116
MinimumVisualStudioVersion = 10.0.40219.1
Project("{FAE04EC0-301F-11D3-BF4B-00C04F79EFBC}") = "Client", "Client.csproj", "{548CDD3C-9533-4788-B436-DE76E2967549}"
EndProject
Global
	GlobalSection(SolutionConfigurationPlatforms) = preSolution
		Debug|Any CPU = Debug|Any CPU
		Release|Any CPU = Release|Any CPU
	EndGlobalSection
	GlobalSection(ProjectConfigurationPlatforms) = postSolution
		{548CDD3C-9533-4788-B436-DE76E2967549}.Debug|Any CPU.ActiveCfg = Debug|Any CPU
		{548CDD3C-9533-4788-B436-DE76E2967549}.Debug|Any CPU.Build.0 = Debug|Any CPU
		{548CDD3C-9533-4788-B436-DE76E2967549}.Release|Any CPU.ActiveCfg = Release|Any CPU
		{548CDD3C-9533-4788-B436-DE76E2967549}.Release|Any CPU.Build.0 = Release|Any CPU
	EndGlobalSection
	GlobalSection(SolutionProperties) = preSolution
		HideSolutionNode = FALSE
	EndGlobalSection
	GlobalSection(ExtensibilityGlobals) = postSolution
		SolutionGuid = {91ACB034-ABBA-4E0A-BC5A-38DAD17F3173}
	EndGlobalSection
EndGlobal
